
Microsoft Visual Studio Solution File, Format Version 12.00
# Visual Studio Version 17
VisualStudioVersion = 17.2.32210.308
MinimumVisualStudioVersion = 10.0.40219.1
Project("{FAE04EC0-301F-11D3-BF4B-00C04F79EFBC}") = "OfficeToPDF", "OfficeToPDF\OfficeToPDF.csproj", "{13F3BAB7-27FF-4391-A0FA-B56E84A12A20}"
EndProject
Project("{2150E333-8FDC-42A3-9474-1A3956D46DE8}") = ".nuget", ".nuget", "{EACE67AE-B856-4DD2-8CFA-6927E0B7E9BC}"
	ProjectSection(SolutionItems) = preProject
		.nuget\NuGet.Config = .nuget\NuGet.Config
		.nuget\NuGet.exe = .nuget\NuGet.exe
		.nuget\NuGet.targets = .nuget\NuGet.targets
	EndProjectSection
EndProject
Project("{2150E333-8FDC-42A3-9474-1A3956D46DE8}") = "docs", "docs", "{40A85399-BFC9-446A-973F-5D962A8DDE25}"
	ProjectSection(SolutionItems) = preProject
		docs\Documentation.html = docs\Documentation.html
		docs\Home.html = docs\Home.html
		LICENSE.md = LICENSE.md
	EndProjectSection
EndProject
Project("{2150E333-8FDC-42A3-9474-1A3956D46DE8}") = "Solution Items", "Solution Items", "{81412F10-6C41-4627-AEFD-DE9E41157822}"
	ProjectSection(SolutionItems) = preProject
		.gitignore = .gitignore
		LICENSE.md = LICENSE.md
		README.md = README.md
		sign-files.bat = sign-files.bat
	EndProjectSection
EndProject
Project("{FAE04EC0-301F-11D3-BF4B-00C04F79EFBC}") = "OfficeToPDF.Tests", "OfficeToPDF.Tests\OfficeToPDF.Tests.csproj", "{B9CA6971-F458-49D9-A06F-45040EE52966}"
	ProjectSection(ProjectDependencies) = postProject
		{A240B9E5-3E14-4002-AE22-75A2277508A0} = {A240B9E5-3E14-4002-AE22-75A2277508A0}
	EndProjectSection
EndProject
Project("{8BC9CEB8-8B4A-11D0-8D11-00A0C91BC942}") = "OXID", "OXID\OXID.vcxproj", "{A240B9E5-3E14-4002-AE22-75A2277508A0}"
EndProject
Project("{FAE04EC0-301F-11D3-BF4B-00C04F79EFBC}") = "Netstat", "Netstat\Netstat.csproj", "{1A71CAF1-188D-40C2-8C44-936F1E45D76C}"
EndProject
Global
	GlobalSection(SolutionConfigurationPlatforms) = preSolution
		Debug|Any CPU = Debug|Any CPU
		Debug|Mixed Platforms = Debug|Mixed Platforms
		Debug|x64 = Debug|x64
		Debug|x86 = Debug|x86
		Release|Any CPU = Release|Any CPU
		Release|Mixed Platforms = Release|Mixed Platforms
		Release|x64 = Release|x64
		Release|x86 = Release|x86
		Release-signed|Any CPU = Release-signed|Any CPU
		Release-signed|Mixed Platforms = Release-signed|Mixed Platforms
		Release-signed|x64 = Release-signed|x64
		Release-signed|x86 = Release-signed|x86
	EndGlobalSection
	GlobalSection(ProjectConfigurationPlatforms) = postSolution
		{13F3BAB7-27FF-4391-A0FA-B56E84A12A20}.Debug|Any CPU.ActiveCfg = Debug|x64
		{13F3BAB7-27FF-4391-A0FA-B56E84A12A20}.Debug|Mixed Platforms.ActiveCfg = Debug|x64
		{13F3BAB7-27FF-4391-A0FA-B56E84A12A20}.Debug|Mixed Platforms.Build.0 = Debug|x64
		{13F3BAB7-27FF-4391-A0FA-B56E84A12A20}.Debug|x64.ActiveCfg = Debug|x64
		{13F3BAB7-27FF-4391-A0FA-B56E84A12A20}.Debug|x64.Build.0 = Debug|x64
		{13F3BAB7-27FF-4391-A0FA-B56E84A12A20}.Debug|x86.ActiveCfg = Debug|x86
		{13F3BAB7-27FF-4391-A0FA-B56E84A12A20}.Debug|x86.Build.0 = Debug|x86
		{13F3BAB7-27FF-4391-A0FA-B56E84A12A20}.Release|Any CPU.ActiveCfg = Release|x64
		{13F3BAB7-27FF-4391-A0FA-B56E84A12A20}.Release|Any CPU.Build.0 = Release|x64
		{13F3BAB7-27FF-4391-A0FA-B56E84A12A20}.Release|Mixed Platforms.ActiveCfg = Release|x64
		{13F3BAB7-27FF-4391-A0FA-B56E84A12A20}.Release|Mixed Platforms.Build.0 = Release|x64
		{13F3BAB7-27FF-4391-A0FA-B56E84A12A20}.Release|x64.ActiveCfg = Release|x64
		{13F3BAB7-27FF-4391-A0FA-B56E84A12A20}.Release|x64.Build.0 = Release|x64
		{13F3BAB7-27FF-4391-A0FA-B56E84A12A20}.Release|x86.ActiveCfg = Release|x86
		{13F3BAB7-27FF-4391-A0FA-B56E84A12A20}.Release|x86.Build.0 = Release|x86
		{13F3BAB7-27FF-4391-A0FA-B56E84A12A20}.Release-signed|Any CPU.ActiveCfg = Release-signed|x86
		{13F3BAB7-27FF-4391-A0FA-B56E84A12A20}.Release-signed|Any CPU.Build.0 = Release-signed|x86
		{13F3BAB7-27FF-4391-A0FA-B56E84A12A20}.Release-signed|Mixed Platforms.ActiveCfg = Release-signed|x64
		{13F3BAB7-27FF-4391-A0FA-B56E84A12A20}.Release-signed|Mixed Platforms.Build.0 = Release-signed|x64
		{13F3BAB7-27FF-4391-A0FA-B56E84A12A20}.Release-signed|x64.ActiveCfg = Release-signed|x64
		{13F3BAB7-27FF-4391-A0FA-B56E84A12A20}.Release-signed|x64.Build.0 = Release-signed|x64
		{13F3BAB7-27FF-4391-A0FA-B56E84A12A20}.Release-signed|x86.ActiveCfg = Release-signed|x86
		{13F3BAB7-27FF-4391-A0FA-B56E84A12A20}.Release-signed|x86.Build.0 = Release-signed|x86
		{B9CA6971-F458-49D9-A06F-45040EE52966}.Debug|Any CPU.ActiveCfg = Debug|x64
		{B9CA6971-F458-49D9-A06F-45040EE52966}.Debug|Any CPU.Build.0 = Debug|x64
		{B9CA6971-F458-49D9-A06F-45040EE52966}.Debug|Mixed Platforms.ActiveCfg = Debug|x64
		{B9CA6971-F458-49D9-A06F-45040EE52966}.Debug|Mixed Platforms.Build.0 = Debug|x64
		{B9CA6971-F458-49D9-A06F-45040EE52966}.Debug|x64.ActiveCfg = Debug|x64
		{B9CA6971-F458-49D9-A06F-45040EE52966}.Debug|x64.Build.0 = Debug|x64
		{B9CA6971-F458-49D9-A06F-45040EE52966}.Debug|x86.ActiveCfg = Debug|x86
		{B9CA6971-F458-49D9-A06F-45040EE52966}.Debug|x86.Build.0 = Debug|x86
		{B9CA6971-F458-49D9-A06F-45040EE52966}.Release|Any CPU.ActiveCfg = Release|Any CPU
		{B9CA6971-F458-49D9-A06F-45040EE52966}.Release|Any CPU.Build.0 = Release|Any CPU
		{B9CA6971-F458-49D9-A06F-45040EE52966}.Release|Mixed Platforms.ActiveCfg = Release|Any CPU
		{B9CA6971-F458-49D9-A06F-45040EE52966}.Release|Mixed Platforms.Build.0 = Release|Any CPU
		{B9CA6971-F458-49D9-A06F-45040EE52966}.Release|x64.ActiveCfg = Release|Any CPU
		{B9CA6971-F458-49D9-A06F-45040EE52966}.Release|x64.Build.0 = Release|Any CPU
		{B9CA6971-F458-49D9-A06F-45040EE52966}.Release|x86.ActiveCfg = Release|Any CPU
		{B9CA6971-F458-49D9-A06F-45040EE52966}.Release|x86.Build.0 = Release|Any CPU
		{B9CA6971-F458-49D9-A06F-45040EE52966}.Release-signed|Any CPU.ActiveCfg = Release|Any CPU
		{B9CA6971-F458-49D9-A06F-45040EE52966}.Release-signed|Any CPU.Build.0 = Release|Any CPU
		{B9CA6971-F458-49D9-A06F-45040EE52966}.Release-signed|Mixed Platforms.ActiveCfg = Release|Any CPU
		{B9CA6971-F458-49D9-A06F-45040EE52966}.Release-signed|Mixed Platforms.Build.0 = Release|Any CPU
		{B9CA6971-F458-49D9-A06F-45040EE52966}.Release-signed|x64.ActiveCfg = Release|Any CPU
		{B9CA6971-F458-49D9-A06F-45040EE52966}.Release-signed|x64.Build.0 = Release|Any CPU
		{B9CA6971-F458-49D9-A06F-45040EE52966}.Release-signed|x86.ActiveCfg = Release|Any CPU
		{B9CA6971-F458-49D9-A06F-45040EE52966}.Release-signed|x86.Build.0 = Release|Any CPU
		{A240B9E5-3E14-4002-AE22-75A2277508A0}.Debug|Any CPU.ActiveCfg = Debug|x64
		{A240B9E5-3E14-4002-AE22-75A2277508A0}.Debug|Any CPU.Build.0 = Debug|x64
		{A240B9E5-3E14-4002-AE22-75A2277508A0}.Debug|Mixed Platforms.ActiveCfg = Debug|x64
		{A240B9E5-3E14-4002-AE22-75A2277508A0}.Debug|Mixed Platforms.Build.0 = Debug|x64
		{A240B9E5-3E14-4002-AE22-75A2277508A0}.Debug|x64.ActiveCfg = Debug|x64
		{A240B9E5-3E14-4002-AE22-75A2277508A0}.Debug|x64.Build.0 = Debug|x64
		{A240B9E5-3E14-4002-AE22-75A2277508A0}.Debug|x86.ActiveCfg = Debug|Win32
		{A240B9E5-3E14-4002-AE22-75A2277508A0}.Debug|x86.Build.0 = Debug|Win32
		{A240B9E5-3E14-4002-AE22-75A2277508A0}.Release|Any CPU.ActiveCfg = Release|x64
		{A240B9E5-3E14-4002-AE22-75A2277508A0}.Release|Any CPU.Build.0 = Release|x64
		{A240B9E5-3E14-4002-AE22-75A2277508A0}.Release|Mixed Platforms.ActiveCfg = Release|x64
		{A240B9E5-3E14-4002-AE22-75A2277508A0}.Release|Mixed Platforms.Build.0 = Release|x64
		{A240B9E5-3E14-4002-AE22-75A2277508A0}.Release|x64.ActiveCfg = Release|x64
		{A240B9E5-3E14-4002-AE22-75A2277508A0}.Release|x64.Build.0 = Release|x64
		{A240B9E5-3E14-4002-AE22-75A2277508A0}.Release|x86.ActiveCfg = Release|Win32
		{A240B9E5-3E14-4002-AE22-75A2277508A0}.Release|x86.Build.0 = Release|Win32
		{A240B9E5-3E14-4002-AE22-75A2277508A0}.Release-signed|Any CPU.ActiveCfg = Debug|Win32
		{A240B9E5-3E14-4002-AE22-75A2277508A0}.Release-signed|Any CPU.Build.0 = Debug|Win32
		{A240B9E5-3E14-4002-AE22-75A2277508A0}.Release-signed|Mixed Platforms.ActiveCfg = Release|x64
		{A240B9E5-3E14-4002-AE22-75A2277508A0}.Release-signed|Mixed Platforms.Build.0 = Release|x64
		{A240B9E5-3E14-4002-AE22-75A2277508A0}.Release-signed|x64.ActiveCfg = Release|x64
		{A240B9E5-3E14-4002-AE22-75A2277508A0}.Release-signed|x64.Build.0 = Release|x64
		{A240B9E5-3E14-4002-AE22-75A2277508A0}.Release-signed|x86.ActiveCfg = Release|Win32
		{A240B9E5-3E14-4002-AE22-75A2277508A0}.Release-signed|x86.Build.0 = Release|Win32
		{1A71CAF1-188D-40C2-8C44-936F1E45D76C}.Debug|Any CPU.ActiveCfg = Debug|Any CPU
		{1A71CAF1-188D-40C2-8C44-936F1E45D76C}.Debug|Any CPU.Build.0 = Debug|Any CPU
		{1A71CAF1-188D-40C2-8C44-936F1E45D76C}.Debug|Mixed Platforms.ActiveCfg = Debug|Any CPU
		{1A71CAF1-188D-40C2-8C44-936F1E45D76C}.Debug|Mixed Platforms.Build.0 = Debug|Any CPU
		{1A71CAF1-188D-40C2-8C44-936F1E45D76C}.Debug|x64.ActiveCfg = Debug|Any CPU
		{1A71CAF1-188D-40C2-8C44-936F1E45D76C}.Debug|x64.Build.0 = Debug|Any CPU
		{1A71CAF1-188D-40C2-8C44-936F1E45D76C}.Debug|x86.ActiveCfg = Debug|Any CPU
		{1A71CAF1-188D-40C2-8C44-936F1E45D76C}.Debug|x86.Build.0 = Debug|Any CPU
		{1A71CAF1-188D-40C2-8C44-936F1E45D76C}.Release|Any CPU.ActiveCfg = Release|Any CPU
		{1A71CAF1-188D-40C2-8C44-936F1E45D76C}.Release|Any CPU.Build.0 = Release|Any CPU
		{1A71CAF1-188D-40C2-8C44-936F1E45D76C}.Release|Mixed Platforms.ActiveCfg = Release|Any CPU
		{1A71CAF1-188D-40C2-8C44-936F1E45D76C}.Release|Mixed Platforms.Build.0 = Release|Any CPU
		{1A71CAF1-188D-40C2-8C44-936F1E45D76C}.Release|x64.ActiveCfg = Release|Any CPU
		{1A71CAF1-188D-40C2-8C44-936F1E45D76C}.Release|x64.Build.0 = Release|Any CPU
		{1A71CAF1-188D-40C2-8C44-936F1E45D76C}.Release|x86.ActiveCfg = Release|Any CPU
		{1A71CAF1-188D-40C2-8C44-936F1E45D76C}.Release|x86.Build.0 = Release|Any CPU
		{1A71CAF1-188D-40C2-8C44-936F1E45D76C}.Release-signed|Any CPU.ActiveCfg = Release|Any CPU
		{1A71CAF1-188D-40C2-8C44-936F1E45D76C}.Release-signed|Any CPU.Build.0 = Release|Any CPU
		{1A71CAF1-188D-40C2-8C44-936F1E45D76C}.Release-signed|Mixed Platforms.ActiveCfg = Release|Any CPU
		{1A71CAF1-188D-40C2-8C44-936F1E45D76C}.Release-signed|Mixed Platforms.Build.0 = Release|Any CPU
		{1A71CAF1-188D-40C2-8C44-936F1E45D76C}.Release-signed|x64.ActiveCfg = Release|Any CPU
		{1A71CAF1-188D-40C2-8C44-936F1E45D76C}.Release-signed|x64.Build.0 = Release|Any CPU
		{1A71CAF1-188D-40C2-8C44-936F1E45D76C}.Release-signed|x86.ActiveCfg = Release|Any CPU
		{1A71CAF1-188D-40C2-8C44-936F1E45D76C}.Release-signed|x86.Build.0 = Release|Any CPU
	EndGlobalSection
	GlobalSection(SolutionProperties) = preSolution
		HideSolutionNode = FALSE
	EndGlobalSection
	GlobalSection(ExtensibilityGlobals) = postSolution
		SolutionGuid = {28AED493-F0C8-4DE2-9D3A-227F3A5CC7CF}
	EndGlobalSection
EndGlobal
